// !$*UTF8*$!
{
	archiveVersion = 1;
	classes = {
	};
	objectVersion = 77;
	objects = {

/* Begin PBXContainerItemProxy section */
		6BCEED972D617C3C00932D3B /* PBXContainerItemProxy */ = {
			isa = PBXContainerItemProxy;
			containerPortal = 6BCEED7E2D617C3A00932D3B /* Project object */;
			proxyType = 1;
			remoteGlobalIDString = 6BCEED852D617C3A00932D3B;
			remoteInfo = expensetracker;
		};
		6BCEEDA12D617C3C00932D3B /* PBXContainerItemProxy */ = {
			isa = PBXContainerItemProxy;
			containerPortal = 6BCEED7E2D617C3A00932D3B /* Project object */;
			proxyType = 1;
			remoteGlobalIDString = 6BCEED852D617C3A00932D3B;
			remoteInfo = expensetracker;
		};
/* End PBXContainerItemProxy section */

/* Begin PBXFileReference section */
		6BCEED862D617C3A00932D3B /* expensetracker.app */ = {isa = PBXFileReference; explicitFileType = wrapper.application; includeInIndex = 0; path = expensetracker.app; sourceTree = BUILT_PRODUCTS_DIR; };
		6BCEED962D617C3C00932D3B /* expensetrackerTests.xctest */ = {isa = PBXFileReference; explicitFileType = wrapper.cfbundle; includeInIndex = 0; path = expensetrackerTests.xctest; sourceTree = BUILT_PRODUCTS_DIR; };
		6BCEEDA02D617C3C00932D3B /* expensetrackerUITests.xctest */ = {isa = PBXFileReference; explicitFileType = wrapper.cfbundle; includeInIndex = 0; path = expensetrackerUITests.xctest; sourceTree = BUILT_PRODUCTS_DIR; };
/* End PBXFileReference section */

/* Begin PBXFileSystemSynchronizedRootGroup section */
		6BCEED882D617C3A00932D3B /* expensetracker */ = {
			isa = PBXFileSystemSynchronizedRootGroup;
			path = expensetracker;
			sourceTree = "<group>";
		};
		6BCEED992D617C3C00932D3B /* expensetrackerTests */ = {
			isa = PBXFileSystemSynchronizedRootGroup;
			path = expensetrackerTests;
			sourceTree = "<group>";
		};
		6BCEEDA32D617C3C00932D3B /* expensetrackerUITests */ = {
			isa = PBXFileSystemSynchronizedRootGroup;
			path = expensetrackerUITests;
			sourceTree = "<group>";
		};
/* End PBXFileSystemSynchronizedRootGroup section */

/* Begin PBXFrameworksBuildPhase section */
		6BCEED832D617C3A00932D3B /* Frameworks */ = {
			isa = PBXFrameworksBuildPhase;
			buildActionMask = 2147483647;
			files = (
			);
			runOnlyForDeploymentPostprocessing = 0;
		};
		6BCEED932D617C3C00932D3B /* Frameworks */ = {
			isa = PBXFrameworksBuildPhase;
			buildActionMask = 2147483647;
			files = (
			);
			runOnlyForDeploymentPostprocessing = 0;
		};
		6BCEED9D2D617C3C00932D3B /* Frameworks */ = {
			isa = PBXFrameworksBuildPhase;
			buildActionMask = 2147483647;
			files = (
			);
			runOnlyForDeploymentPostprocessing = 0;
		};
/* End PBXFrameworksBuildPhase section */

/* Begin PBXGroup section */
		6BCEED7D2D617C3A00932D3B = {
			isa = PBXGroup;
			children = (
				6BCEED882D617C3A00932D3B /* expensetracker */,
				6BCEED992D617C3C00932D3B /* expensetrackerTests */,
				6BCEEDA32D617C3C00932D3B /* expensetrackerUITests */,
				6BCEED872D617C3A00932D3B /* Products */,
			);
			sourceTree = "<group>";
		};
		6BCEED872D617C3A00932D3B /* Products */ = {
			isa = PBXGroup;
			children = (
				6BCEED862D617C3A00932D3B /* expensetracker.app */,
				6BCEED962D617C3C00932D3B /* expensetrackerTests.xctest */,
				6BCEEDA02D617C3C00932D3B /* expensetrackerUITests.xctest */,
			);
			name = Products;
			sourceTree = "<group>";
		};
/* End PBXGroup section */

/* Begin PBXNativeTarget section */
		6BCEED852D617C3A00932D3B /* expensetracker */ = {
			isa = PBXNativeTarget;
			buildConfigurationList = 6BCEEDAA2D617C3C00932D3B /* Build configuration list for PBXNativeTarget "expensetracker" */;
			buildPhases = (
				6BCEED822D617C3A00932D3B /* Sources */,
				6BCEED832D617C3A00932D3B /* Frameworks */,
				6BCEED842D617C3A00932D3B /* Resources */,
			);
			buildRules = (
			);
			dependencies = (
			);
			fileSystemSynchronizedGroups = (
				6BCEED882D617C3A00932D3B /* expensetracker */,
			);
			name = expensetracker;
			packageProductDependencies = (
			);
			productName = expensetracker;
			productReference = 6BCEED862D617C3A00932D3B /* expensetracker.app */;
			productType = "com.apple.product-type.application";
		};
		6BCEED952D617C3C00932D3B /* expensetrackerTests */ = {
			isa = PBXNativeTarget;
			buildConfigurationList = 6BCEEDAD2D617C3C00932D3B /* Build configuration list for PBXNativeTarget "expensetrackerTests" */;
			buildPhases = (
				6BCEED922D617C3C00932D3B /* Sources */,
				6BCEED932D617C3C00932D3B /* Frameworks */,
				6BCEED942D617C3C00932D3B /* Resources */,
			);
			buildRules = (
			);
			dependencies = (
				6BCEED982D617C3C00932D3B /* PBXTargetDependency */,
			);
			fileSystemSynchronizedGroups = (
				6BCEED992D617C3C00932D3B /* expensetrackerTests */,
			);
			name = expensetrackerTests;
			packageProductDependencies = (
			);
			productName = expensetrackerTests;
			productReference = 6BCEED962D617C3C00932D3B /* expensetrackerTests.xctest */;
			productType = "com.apple.product-type.bundle.unit-test";
		};
		6BCEED9F2D617C3C00932D3B /* expensetrackerUITests */ = {
			isa = PBXNativeTarget;
			buildConfigurationList = 6BCEEDB02D617C3C00932D3B /* Build configuration list for PBXNativeTarget "expensetrackerUITests" */;
			buildPhases = (
				6BCEED9C2D617C3C00932D3B /* Sources */,
				6BCEED9D2D617C3C00932D3B /* Frameworks */,
				6BCEED9E2D617C3C00932D3B /* Resources */,
			);
			buildRules = (
			);
			dependencies = (
				6BCEEDA22D617C3C00932D3B /* PBXTargetDependency */,
			);
			fileSystemSynchronizedGroups = (
				6BCEEDA32D617C3C00932D3B /* expensetrackerUITests */,
			);
			name = expensetrackerUITests;
			packageProductDependencies = (
			);
			productName = expensetrackerUITests;
			productReference = 6BCEEDA02D617C3C00932D3B /* expensetrackerUITests.xctest */;
			productType = "com.apple.product-type.bundle.ui-testing";
		};
/* End PBXNativeTarget section */

/* Begin PBXProject section */
		6BCEED7E2D617C3A00932D3B /* Project object */ = {
			isa = PBXProject;
			attributes = {
				BuildIndependentTargetsInParallel = 1;
				LastSwiftUpdateCheck = 1620;
				LastUpgradeCheck = 1620;
				TargetAttributes = {
					6BCEED852D617C3A00932D3B = {
						CreatedOnToolsVersion = 16.2;
					};
					6BCEED952D617C3C00932D3B = {
						CreatedOnToolsVersion = 16.2;
						TestTargetID = 6BCEED852D617C3A00932D3B;
					};
					6BCEED9F2D617C3C00932D3B = {
						CreatedOnToolsVersion = 16.2;
						TestTargetID = 6BCEED852D617C3A00932D3B;
					};
				};
			};
			buildConfigurationList = 6BCEED812D617C3A00932D3B /* Build configuration list for PBXProject "expensetracker" */;
			developmentRegion = en;
			hasScannedForEncodings = 0;
			knownRegions = (
				en,
				Base,
			);
			mainGroup = 6BCEED7D2D617C3A00932D3B;
			minimizedProjectReferenceProxies = 1;
			preferredProjectObjectVersion = 77;
			productRefGroup = 6BCEED872D617C3A00932D3B /* Products */;
			projectDirPath = "";
			projectRoot = "";
			targets = (
				6BCEED852D617C3A00932D3B /* expensetracker */,
				6BCEED952D617C3C00932D3B /* expensetrackerTests */,
				6BCEED9F2D617C3C00932D3B /* expensetrackerUITests */,
			);
		};
/* End PBXProject section */

/* Begin PBXResourcesBuildPhase section */
		6BCEED842D617C3A00932D3B /* Resources */ = {
			isa = PBXResourcesBuildPhase;
			buildActionMask = 2147483647;
			files = (
			);
			runOnlyForDeploymentPostprocessing = 0;
		};
		6BCEED942D617C3C00932D3B /* Resources */ = {
			isa = PBXResourcesBuildPhase;
			buildActionMask = 2147483647;
			files = (
			);
			runOnlyForDeploymentPostprocessing = 0;
		};
		6BCEED9E2D617C3C00932D3B /* Resources */ = {
			isa = PBXResourcesBuildPhase;
			buildActionMask = 2147483647;
			files = (
			);
			runOnlyForDeploymentPostprocessing = 0;
		};
/* End PBXResourcesBuildPhase section */

/* Begin PBXSourcesBuildPhase section */
		6BCEED822D617C3A00932D3B /* Sources */ = {
			isa = PBXSourcesBuildPhase;
			buildActionMask = 2147483647;
			files = (
			);
			runOnlyForDeploymentPostprocessing = 0;
		};
		6BCEED922D617C3C00932D3B /* Sources */ = {
			isa = PBXSourcesBuildPhase;
			buildActionMask = 2147483647;
			files = (
			);
			runOnlyForDeploymentPostprocessing = 0;
		};
		6BCEED9C2D617C3C00932D3B /* Sources */ = {
			isa = PBXSourcesBuildPhase;
			buildActionMask = 2147483647;
			files = (
			);
			runOnlyForDeploymentPostprocessing = 0;
		};
/* End PBXSourcesBuildPhase section */

/* Begin PBXTargetDependency section */
		6BCEED982D617C3C00932D3B /* PBXTargetDependency */ = {
			isa = PBXTargetDependency;
			target = 6BCEED852D617C3A00932D3B /* expensetracker */;
			targetProxy = 6BCEED972D617C3C00932D3B /* PBXContainerItemProxy */;
		};
		6BCEEDA22D617C3C00932D3B /* PBXTargetDependency */ = {
			isa = PBXTargetDependency;
			target = 6BCEED852D617C3A00932D3B /* expensetracker */;
			targetProxy = 6BCEEDA12D617C3C00932D3B /* PBXContainerItemProxy */;
		};
/* End PBXTargetDependency section */

/* Begin XCBuildConfiguration section */
		6BCEEDA82D617C3C00932D3B /* Debug */ = {
			isa = XCBuildConfiguration;
			buildSettings = {
				ALWAYS_SEARCH_USER_PATHS = NO;
				ASSETCATALOG_COMPILER_GENERATE_SWIFT_ASSET_SYMBOL_EXTENSIONS = YES;
				CLANG_ANALYZER_NONNULL = YES;
				CLANG_ANALYZER_NUMBER_OBJECT_CONVERSION = YES_AGGRESSIVE;
				CLANG_CXX_LANGUAGE_STANDARD = "gnu++20";
				CLANG_ENABLE_MODULES = YES;
				CLANG_ENABLE_OBJC_ARC = YES;
				CLANG_ENABLE_OBJC_WEAK = YES;
				CLANG_WARN_BLOCK_CAPTURE_AUTORELEASING = YES;
				CLANG_WARN_BOOL_CONVERSION = YES;
				CLANG_WARN_COMMA = YES;
				CLANG_WARN_CONSTANT_CONVERSION = YES;
				CLANG_WARN_DEPRECATED_OBJC_IMPLEMENTATIONS = YES;
				CLANG_WARN_DIRECT_OBJC_ISA_USAGE = YES_ERROR;
				CLANG_WARN_DOCUMENTATION_COMMENTS = YES;
				CLANG_WARN_EMPTY_BODY = YES;
				CLANG_WARN_ENUM_CONVERSION = YES;
				CLANG_WARN_INFINITE_RECURSION = YES;
				CLANG_WARN_INT_CONVERSION = YES;
				CLANG_WARN_NON_LITERAL_NULL_CONVERSION = YES;
				CLANG_WARN_OBJC_IMPLICIT_RETAIN_SELF = YES;
				CLANG_WARN_OBJC_LITERAL_CONVERSION = YES;
				CLANG_WARN_OBJC_ROOT_CLASS = YES_ERROR;
				CLANG_WARN_QUOTED_INCLUDE_IN_FRAMEWORK_HEADER = YES;
				CLANG_WARN_RANGE_LOOP_ANALYSIS = YES;
				CLANG_WARN_STRICT_PROTOTYPES = YES;
				CLANG_WARN_SUSPICIOUS_MOVE = YES;
				CLANG_WARN_UNGUARDED_AVAILABILITY = YES_AGGRESSIVE;
				CLANG_WARN_UNREACHABLE_CODE = YES;
				CLANG_WARN__DUPLICATE_METHOD_MATCH = YES;
				COPY_PHASE_STRIP = NO;
				DEBUG_INFORMATION_FORMAT = dwarf;
				ENABLE_STRICT_OBJC_MSGSEND = YES;
				ENABLE_TESTABILITY = YES;
				ENABLE_USER_SCRIPT_SANDBOXING = YES;
				GCC_C_LANGUAGE_STANDARD = gnu17;
				GCC_DYNAMIC_NO_PIC = NO;
				GCC_NO_COMMON_BLOCKS = YES;
				GCC_OPTIMIZATION_LEVEL = 0;
				GCC_PREPROCESSOR_DEFINITIONS = (
					"DEBUG=1",
					"$(inherited)",
				);
				GCC_WARN_64_TO_32_BIT_CONVERSION = YES;
				GCC_WARN_ABOUT_RETURN_TYPE = YES_ERROR;
				GCC_WARN_UNDECLARED_SELECTOR = YES;
				GCC_WARN_UNINITIALIZED_AUTOS = YES_AGGRESSIVE;
				GCC_WARN_UNUSED_FUNCTION = YES;
				GCC_WARN_UNUSED_VARIABLE = YES;
				IPHONEOS_DEPLOYMENT_TARGET = 18.2;
				LOCALIZATION_PREFERS_STRING_CATALOGS = YES;
				MTL_ENABLE_DEBUG_INFO = INCLUDE_SOURCE;
				MTL_FAST_MATH = YES;
				ONLY_ACTIVE_ARCH = YES;
				SDKROOT = iphoneos;
				SWIFT_ACTIVE_COMPILATION_CONDITIONS = "DEBUG $(inherited)";
				SWIFT_OPTIMIZATION_LEVEL = "-Onone";
			};
			name = Debug;
		};
		6BCEEDA92D617C3C00932D3B /* Release */ = {
			isa = XCBuildConfiguration;
			buildSettings = {
				ALWAYS_SEARCH_USER_PATHS = NO;
				ASSETCATALOG_COMPILER_GENERATE_SWIFT_ASSET_SYMBOL_EXTENSIONS = YES;
				CLANG_ANALYZER_NONNULL = YES;
				CLANG_ANALYZER_NUMBER_OBJECT_CONVERSION = YES_AGGRESSIVE;
				CLANG_CXX_LANGUAGE_STANDARD = "gnu++20";
				CLANG_ENABLE_MODULES = YES;
				CLANG_ENABLE_OBJC_ARC = YES;
				CLANG_ENABLE_OBJC_WEAK = YES;
				CLANG_WARN_BLOCK_CAPTURE_AUTORELEASING = YES;
				CLANG_WARN_BOOL_CONVERSION = YES;
				CLANG_WARN_COMMA = YES;
				CLANG_WARN_CONSTANT_CONVERSION = YES;
				CLANG_WARN_DEPRECATED_OBJC_IMPLEMENTATIONS = YES;
				CLANG_WARN_DIRECT_OBJC_ISA_USAGE = YES_ERROR;
				CLANG_WARN_DOCUMENTATION_COMMENTS = YES;
				CLANG_WARN_EMPTY_BODY = YES;
				CLANG_WARN_ENUM_CONVERSION = YES;
				CLANG_WARN_INFINITE_RECURSION = YES;
				CLANG_WARN_INT_CONVERSION = YES;
				CLANG_WARN_NON_LITERAL_NULL_CONVERSION = YES;
				CLANG_WARN_OBJC_IMPLICIT_RETAIN_SELF = YES;
				CLANG_WARN_OBJC_LITERAL_CONVERSION = YES;
				CLANG_WARN_OBJC_ROOT_CLASS = YES_ERROR;
				CLANG_WARN_QUOTED_INCLUDE_IN_FRAMEWORK_HEADER = YES;
				CLANG_WARN_RANGE_LOOP_ANALYSIS = YES;
				CLANG_WARN_STRICT_PROTOTYPES = YES;
				CLANG_WARN_SUSPICIOUS_MOVE = YES;
				CLANG_WARN_UNGUARDED_AVAILABILITY = YES_AGGRESSIVE;
				CLANG_WARN_UNREACHABLE_CODE = YES;
				CLANG_WARN__DUPLICATE_METHOD_MATCH = YES;
				COPY_PHASE_STRIP = NO;
				DEBUG_INFORMATION_FORMAT = "dwarf-with-dsym";
				ENABLE_NS_ASSERTIONS = NO;
				ENABLE_STRICT_OBJC_MSGSEND = YES;
				ENABLE_USER_SCRIPT_SANDBOXING = YES;
				GCC_C_LANGUAGE_STANDARD = gnu17;
				GCC_NO_COMMON_BLOCKS = YES;
				GCC_WARN_64_TO_32_BIT_CONVERSION = YES;
				GCC_WARN_ABOUT_RETURN_TYPE = YES_ERROR;
				GCC_WARN_UNDECLARED_SELECTOR = YES;
				GCC_WARN_UNINITIALIZED_AUTOS = YES_AGGRESSIVE;
				GCC_WARN_UNUSED_FUNCTION = YES;
				GCC_WARN_UNUSED_VARIABLE = YES;
				IPHONEOS_DEPLOYMENT_TARGET = 18.2;
				LOCALIZATION_PREFERS_STRING_CATALOGS = YES;
				MTL_ENABLE_DEBUG_INFO = NO;
				MTL_FAST_MATH = YES;
				SDKROOT = iphoneos;
				SWIFT_COMPILATION_MODE = wholemodule;
				VALIDATE_PRODUCT = YES;
			};
			name = Release;
		};
		6BCEEDAB2D617C3C00932D3B /* Debug */ = {
			isa = XCBuildConfiguration;
			buildSettings = {
				ASSETCATALOG_COMPILER_APPICON_NAME = AppIcon;
				ASSETCATALOG_COMPILER_GLOBAL_ACCENT_COLOR_NAME = AccentColor;
				CODE_SIGN_STYLE = Automatic;
				CURRENT_PROJECT_VERSION = 1;
				DEVELOPMENT_ASSET_PATHS = "\"expensetracker/Preview Content\"";
				DEVELOPMENT_TEAM = XW8MRXWAV2;
				ENABLE_PREVIEWS = YES;
				GENERATE_INFOPLIST_FILE = YES;
				INFOPLIST_KEY_UIApplicationSceneManifest_Generation = YES;
				INFOPLIST_KEY_UIApplicationSupportsIndirectInputEvents = YES;
				INFOPLIST_KEY_UILaunchScreen_Generation = YES;
				INFOPLIST_KEY_UISupportedInterfaceOrientations_iPad = "UIInterfaceOrientationPortrait UIInterfaceOrientationPortraitUpsideDown UIInterfaceOrientationLandscapeLeft UIInterfaceOrientationLandscapeRight";
				INFOPLIST_KEY_UISupportedInterfaceOrientations_iPhone = "UIInterfaceOrientationPortrait UIInterfaceOrientationLandscapeLeft UIInterfaceOrientationLandscapeRight";
				LD_RUNPATH_SEARCH_PATHS = (
					"$(inherited)",
					"@executable_path/Frameworks",
				);
				MARKETING_VERSION = 1.0;
				PRODUCT_BUNDLE_IDENTIFIER = na.expensetracker;
				PRODUCT_NAME = "$(TARGET_NAME)";
				SWIFT_EMIT_LOC_STRINGS = YES;
				SWIFT_VERSION = 5.0;
				TARGETED_DEVICE_FAMILY = "1,2";
			};
			name = Debug;
		};
		6BCEEDAC2D617C3C00932D3B /* Release */ = {
			isa = XCBuildConfiguration;
			buildSettings = {
				ASSETCATALOG_COMPILER_APPICON_NAME = AppIcon;
				ASSETCATALOG_COMPILER_GLOBAL_ACCENT_COLOR_NAME = AccentColor;
				CODE_SIGN_STYLE = Automatic;
				CURRENT_PROJECT_VERSION = 1;
				DEVELOPMENT_ASSET_PATHS = "\"expensetracker/Preview Content\"";
				DEVELOPMENT_TEAM = XW8MRXWAV2;
				ENABLE_PREVIEWS = YES;
				GENERATE_INFOPLIST_FILE = YES;
				INFOPLIST_KEY_UIApplicationSceneManifest_Generation = YES;
				INFOPLIST_KEY_UIApplicationSupportsIndirectInputEvents = YES;
				INFOPLIST_KEY_UILaunchScreen_Generation = YES;
				INFOPLIST_KEY_UISupportedInterfaceOrientations_iPad = "UIInterfaceOrientationPortrait UIInterfaceOrientationPortraitUpsideDown UIInterfaceOrientationLandscapeLeft UIInterfaceOrientationLandscapeRight";
				INFOPLIST_KEY_UISupportedInterfaceOrientations_iPhone = "UIInterfaceOrientationPortrait UIInterfaceOrientationLandscapeLeft UIInterfaceOrientationLandscapeRight";
				LD_RUNPATH_SEARCH_PATHS = (
					"$(inherited)",
					"@executable_path/Frameworks",
				);
				MARKETING_VERSION = 1.0;
				PRODUCT_BUNDLE_IDENTIFIER = na.expensetracker;
				PRODUCT_NAME = "$(TARGET_NAME)";
				SWIFT_EMIT_LOC_STRINGS = YES;
				SWIFT_VERSION = 5.0;
				TARGETED_DEVICE_FAMILY = "1,2";
			};
			name = Release;
		};
		6BCEEDAE2D617C3C00932D3B /* Debug */ = {
			isa = XCBuildConfiguration;
			buildSettings = {
				BUNDLE_LOADER = "$(TEST_HOST)";
				CODE_SIGN_STYLE = Automatic;
				CURRENT_PROJECT_VERSION = 1;
				DEVELOPMENT_TEAM = XW8MRXWAV2;
				GENERATE_INFOPLIST_FILE = YES;
				IPHONEOS_DEPLOYMENT_TARGET = 18.2;
				MARKETING_VERSION = 1.0;
				PRODUCT_BUNDLE_IDENTIFIER = na.expensetrackerTests;
				PRODUCT_NAME = "$(TARGET_NAME)";
				SWIFT_EMIT_LOC_STRINGS = NO;
				SWIFT_VERSION = 5.0;
				TARGETED_DEVICE_FAMILY = "1,2";
				TEST_HOST = "$(BUILT_PRODUCTS_DIR)/expensetracker.app/$(BUNDLE_EXECUTABLE_FOLDER_PATH)/expensetracker";
			};
			name = Debug;
		};
		6BCEEDAF2D617C3C00932D3B /* Release */ = {
			isa = XCBuildConfiguration;
			buildSettings = {
				BUNDLE_LOADER = "$(TEST_HOST)";
				CODE_SIGN_STYLE = Automatic;
				CURRENT_PROJECT_VERSION = 1;
				DEVELOPMENT_TEAM = XW8MRXWAV2;
				GENERATE_INFOPLIST_FILE = YES;
				IPHONEOS_DEPLOYMENT_TARGET = 18.2;
				MARKETING_VERSION = 1.0;
				PRODUCT_BUNDLE_IDENTIFIER = na.expensetrackerTests;
				PRODUCT_NAME = "$(TARGET_NAME)";
				SWIFT_EMIT_LOC_STRINGS = NO;
				SWIFT_VERSION = 5.0;
				TARGETED_DEVICE_FAMILY = "1,2";
				TEST_HOST = "$(BUILT_PRODUCTS_DIR)/expensetracker.app/$(BUNDLE_EXECUTABLE_FOLDER_PATH)/expensetracker";
			};
			name = Release;
		};
		6BCEEDB12D617C3C00932D3B /* Debug */ = {
			isa = XCBuildConfiguration;
			buildSettings = {
				CODE_SIGN_STYLE = Automatic;
				CURRENT_PROJECT_VERSION = 1;
				DEVELOPMENT_TEAM = XW8MRXWAV2;
				GENERATE_INFOPLIST_FILE = YES;
				MARKETING_VERSION = 1.0;
				PRODUCT_BUNDLE_IDENTIFIER = na.expensetrackerUITests;
				PRODUCT_NAME = "$(TARGET_NAME)";
				SWIFT_EMIT_LOC_STRINGS = NO;
				SWIFT_VERSION = 5.0;
				TARGETED_DEVICE_FAMILY = "1,2";
				TEST_TARGET_NAME = expensetracker;
			};
			name = Debug;
		};
		6BCEEDB22D617C3C00932D3B /* Release */ = {
			isa = XCBuildConfiguration;
			buildSettings = {
				CODE_SIGN_STYLE = Automatic;
				CURRENT_PROJECT_VERSION = 1;
				DEVELOPMENT_TEAM = XW8MRXWAV2;
				GENERATE_INFOPLIST_FILE = YES;
				MARKETING_VERSION = 1.0;
				PRODUCT_BUNDLE_IDENTIFIER = na.expensetrackerUITests;
				PRODUCT_NAME = "$(TARGET_NAME)";
				SWIFT_EMIT_LOC_STRINGS = NO;
				SWIFT_VERSION = 5.0;
				TARGETED_DEVICE_FAMILY = "1,2";
				TEST_TARGET_NAME = expensetracker;
			};
			name = Release;
		};
/* End XCBuildConfiguration section */

/* Begin XCConfigurationList section */
		6BCEED812D617C3A00932D3B /* Build configuration list for PBXProject "expensetracker" */ = {
			isa = XCConfigurationList;
			buildConfigurations = (
				6BCEEDA82D617C3C00932D3B /* Debug */,
				6BCEEDA92D617C3C00932D3B /* Release */,
			);
			defaultConfigurationIsVisible = 0;
			defaultConfigurationName = Release;
		};
		6BCEEDAA2D617C3C00932D3B /* Build configuration list for PBXNativeTarget "expensetracker" */ = {
			isa = XCConfigurationList;
			buildConfigurations = (
				6BCEEDAB2D617C3C00932D3B /* Debug */,
				6BCEEDAC2D617C3C00932D3B /* Release */,
			);
			defaultConfigurationIsVisible = 0;
			defaultConfigurationName = Release;
		};
		6BCEEDAD2D617C3C00932D3B /* Build configuration list for PBXNativeTarget "expensetrackerTests" */ = {
			isa = XCConfigurationList;
			buildConfigurations = (
				6BCEEDAE2D617C3C00932D3B /* Debug */,
				6BCEEDAF2D617C3C00932D3B /* Release */,
			);
			defaultConfigurationIsVisible = 0;
			defaultConfigurationName = Release;
		};
		6BCEEDB02D617C3C00932D3B /* Build configuration list for PBXNativeTarget "expensetrackerUITests" */ = {
			isa = XCConfigurationList;
			buildConfigurations = (
				6BCEEDB12D617C3C00932D3B /* Debug */,
				6BCEEDB22D617C3C00932D3B /* Release */,
			);
			defaultConfigurationIsVisible = 0;
			defaultConfigurationName = Release;
		};
/* End XCConfigurationList section */
	};
	rootObject = 6BCEED7E2D617C3A00932D3B /* Project object */;
}
